
Microsoft Visual Studio Solution File, Format Version 12.00
# Visual Studio Version 16
VisualStudioVersion = 16.0.31025.194
MinimumVisualStudioVersion = 10.0.40219.1
Project("{FAE04EC0-301F-11D3-BF4B-00C04F79EFBC}") = "Task1", "Task1\Task1.csproj", "{FCD5DDD2-2377-4D8B-B56B-EB94C3F7FA89}"
EndProject
Global
	GlobalSection(SolutionConfigurationPlatforms) = preSolution
		Debug|Any CPU = Debug|Any CPU
		Release|Any CPU = Release|Any CPU
	EndGlobalSection
	GlobalSection(ProjectConfigurationPlatforms) = postSolution
		{FCD5DDD2-2377-4D8B-B56B-EB94C3F7FA89}.Debug|Any CPU.ActiveCfg = Debug|Any CPU
		{FCD5DDD2-2377-4D8B-B56B-EB94C3F7FA89}.Debug|Any CPU.Build.0 = Debug|Any CPU
		{FCD5DDD2-2377-4D8B-B56B-EB94C3F7FA89}.Release|Any CPU.ActiveCfg = Release|Any CPU
		{FCD5DDD2-2377-4D8B-B56B-EB94C3F7FA89}.Release|Any CPU.Build.0 = Release|Any CPU
	EndGlobalSection
	GlobalSection(SolutionProperties) = preSolution
		HideSolutionNode = FALSE
	EndGlobalSection
	GlobalSection(ExtensibilityGlobals) = postSolution
		SolutionGuid = {12C6EF20-80E2-40E7-9CD5-760BE7A3BC71}
	EndGlobalSection
EndGlobal
